
Microsoft Visual Studio Solution File, Format Version 12.00
# Visual Studio 15
VisualStudioVersion = 15.0.27004.2009
MinimumVisualStudioVersion = 10.0.40219.1
Project("{888888A0-9F3D-457C-B088-3A5042F75D52}") = "TerrainParkourVS", "TerrainParkourVS.pyproj", "{4CB57BAE-C3FC-47EF-8110-F90E03105EE3}"
EndProject
Global
	GlobalSection(SolutionConfigurationPlatforms) = preSolution
		Debug|Any CPU = Debug|Any CPU
		Release|Any CPU = Release|Any CPU
	EndGlobalSection
	GlobalSection(ProjectConfigurationPlatforms) = postSolution
		{4CB57BAE-C3FC-47EF-8110-F90E03105EE3}.Debug|Any CPU.ActiveCfg = Debug|Any CPU
		{4CB57BAE-C3FC-47EF-8110-F90E03105EE3}.Debug|Any CPU.Build.0 = Debug|Any CPU
		{4CB57BAE-C3FC-47EF-8110-F90E03105EE3}.Release|Any CPU.ActiveCfg = Release|Any CPU
		{4CB57BAE-C3FC-47EF-8110-F90E03105EE3}.Release|Any CPU.Build.0 = Release|Any CPU
	EndGlobalSection
	GlobalSection(SolutionProperties) = preSolution
		HideSolutionNode = FALSE
	EndGlobalSection
	GlobalSection(ExtensibilityGlobals) = postSolution
		SolutionGuid = {F95876DB-8127-49DF-AA5B-6BEA76F41278}
	EndGlobalSection
EndGlobal
